speakeasyVersion: 1.690.0
sources:
    Apideck-OAS:
        sourceNamespace: apideck-oas
        sourceRevisionDigest: sha256:93a7c9345489c63d383b12bdc575fed5425348ae728f7463a1842f7b0fea2c48
        sourceBlobDigest: sha256:c23e7c16e40a73194b3022b382e3522e7ee2d4690a6d1a2c3be072661fbd1e30
        tags:
            - latest
            - speakeasy-sdk-regen-1767358874
            - 10.23.10
targets:
    apideck:
        source: Apideck-OAS
        sourceNamespace: apideck-oas
        sourceRevisionDigest: sha256:93a7c9345489c63d383b12bdc575fed5425348ae728f7463a1842f7b0fea2c48
        sourceBlobDigest: sha256:c23e7c16e40a73194b3022b382e3522e7ee2d4690a6d1a2c3be072661fbd1e30
        codeSamplesNamespace: apideck-oas-java-code-samples
        codeSamplesRevisionDigest: sha256:8409facf16c6ee55592f4f2f63e3691c9e399ad591bd4ded2ae11ca12a808087
workflow:
    workflowVersion: 1.0.0
    speakeasyVersion: latest
    sources:
        Apideck-OAS:
            inputs:
                - location: https://ci-spec-unify.s3.eu-central-1.amazonaws.com/speakeasy-spec.yml
            registry:
                location: registry.speakeasyapi.dev/apideck-k2o/apideck/apideck-oas
    targets:
        apideck:
            target: java
            source: Apideck-OAS
            publish:
                java:
                    ossrhUsername: WQZzlTg7
                    ossrhPassword: $ossrh_password
                    gpgSecretKey: $java_gpg_secret_key
                    gpgPassPhrase: $java_gpg_passphrase
            codeSamples:
                registry:
                    location: registry.speakeasyapi.dev/apideck-k2o/apideck/apideck-oas-java-code-samples
                blocking: false
