speakeasyVersion: 1.791.3
sources:
    Apideck-OAS:
        sourceNamespace: apideck-oas
        sourceRevisionDigest: sha256:8baaf037c0d7dc392d8561944a2b18d7533778bd5c55bebb6fd7d4077b3bde87
        sourceBlobDigest: sha256:2c135cce91564d87355335a0f6b85b8a2e05a00a8a72d2e20afbb59c90b5670f
        tags:
            - latest
            - 10.30.0
targets:
    apideck:
        source: Apideck-OAS
        sourceNamespace: apideck-oas
        sourceRevisionDigest: sha256:8baaf037c0d7dc392d8561944a2b18d7533778bd5c55bebb6fd7d4077b3bde87
        sourceBlobDigest: sha256:2c135cce91564d87355335a0f6b85b8a2e05a00a8a72d2e20afbb59c90b5670f
        codeSamplesNamespace: apideck-oas-java-code-samples
        codeSamplesRevisionDigest: sha256:7f08ba833dcdf198475950a19ce74b7333fd73def93033671e18cf193ed55917
workflow:
    workflowVersion: 1.0.0
    speakeasyVersion: latest
    sources:
        Apideck-OAS:
            inputs:
                - location: https://ci-spec-unify.s3.eu-central-1.amazonaws.com/speakeasy-spec.yml
            registry:
                location: registry.speakeasyapi.dev/apideck-k2o/apideck/apideck-oas
    targets:
        apideck:
            target: java
            source: Apideck-OAS
            publish:
                java:
                    ossrhUsername: WQZzlTg7
                    ossrhPassword: $ossrh_password
                    gpgSecretKey: $java_gpg_secret_key
                    gpgPassPhrase: $java_gpg_passphrase
            codeSamples:
                registry:
                    location: registry.speakeasyapi.dev/apideck-k2o/apideck/apideck-oas-java-code-samples
                blocking: false
