speakeasyVersion: 1.571.2
sources:
    Apideck-OAS:
        sourceNamespace: apideck-oas
        sourceRevisionDigest: sha256:b7355fc09fb772134810272d1db344c2e5828d777c0a70f5cb53125da61e5a93
        sourceBlobDigest: sha256:eeaec8c11e5e7fad9df91bb0c672295fbf6a8374b095d6a323456f798d737084
        tags:
            - latest
            - speakeasy-sdk-regen-1751018991
            - 10.18.1
targets:
    apideck:
        source: Apideck-OAS
        sourceNamespace: apideck-oas
        sourceRevisionDigest: sha256:b7355fc09fb772134810272d1db344c2e5828d777c0a70f5cb53125da61e5a93
        sourceBlobDigest: sha256:eeaec8c11e5e7fad9df91bb0c672295fbf6a8374b095d6a323456f798d737084
        codeSamplesNamespace: apideck-oas-java-code-samples
        codeSamplesRevisionDigest: sha256:517bfd428bd1ff2b1a1c4c411473c1c20c155aae4384ed9f5f9a0ce34e9239e7
workflow:
    workflowVersion: 1.0.0
    speakeasyVersion: latest
    sources:
        Apideck-OAS:
            inputs:
                - location: https://ci-spec-unify.s3.eu-central-1.amazonaws.com/speakeasy-spec.yml
            registry:
                location: registry.speakeasyapi.dev/apideck-k2o/apideck/apideck-oas
    targets:
        apideck:
            target: java
            source: Apideck-OAS
            publish:
                java:
                    ossrhUsername: WQZzlTg7
                    ossrhPassword: $ossrh_password
                    gpgSecretKey: $java_gpg_secret_key
                    gpgPassPhrase: $java_gpg_passphrase
            codeSamples:
                registry:
                    location: registry.speakeasyapi.dev/apideck-k2o/apideck/apideck-oas-java-code-samples
                blocking: false
